
Microsoft Visual Studio Solution File, Format Version 12.00
# Visual Studio 14
VisualStudioVersion = 14.0.25123.0
MinimumVisualStudioVersion = 10.0.40219.1
Project("{FAE04EC0-301F-11D3-BF4B-00C04F79EFBC}") = "dnsweb", "dnsweb\dnsweb.csproj", "{8A147BAA-B1CE-4494-9948-69D220094BD1}"
EndProject
Project("{FAE04EC0-301F-11D3-BF4B-00C04F79EFBC}") = "dnsweb.Tests", "dnsweb.Tests\dnsweb.Tests.csproj", "{FE24E707-23A1-4590-84F5-18EB08F3439A}"
EndProject
Project("{FAE04EC0-301F-11D3-BF4B-00C04F79EFBC}") = "AzureHelpers", "AzureHelpers\AzureHelpers.csproj", "{9A492987-9746-44F9-B03E-6D5489EA860B}"
EndProject
Global
	GlobalSection(SolutionConfigurationPlatforms) = preSolution
		Debug|Any CPU = Debug|Any CPU
		Release|Any CPU = Release|Any CPU
	EndGlobalSection
	GlobalSection(ProjectConfigurationPlatforms) = postSolution
		{8A147BAA-B1CE-4494-9948-69D220094BD1}.Debug|Any CPU.ActiveCfg = Debug|Any CPU
		{8A147BAA-B1CE-4494-9948-69D220094BD1}.Debug|Any CPU.Build.0 = Debug|Any CPU
		{8A147BAA-B1CE-4494-9948-69D220094BD1}.Release|Any CPU.ActiveCfg = Release|Any CPU
		{8A147BAA-B1CE-4494-9948-69D220094BD1}.Release|Any CPU.Build.0 = Release|Any CPU
		{FE24E707-23A1-4590-84F5-18EB08F3439A}.Debug|Any CPU.ActiveCfg = Debug|Any CPU
		{FE24E707-23A1-4590-84F5-18EB08F3439A}.Debug|Any CPU.Build.0 = Debug|Any CPU
		{FE24E707-23A1-4590-84F5-18EB08F3439A}.Release|Any CPU.ActiveCfg = Release|Any CPU
		{FE24E707-23A1-4590-84F5-18EB08F3439A}.Release|Any CPU.Build.0 = Release|Any CPU
		{9A492987-9746-44F9-B03E-6D5489EA860B}.Debug|Any CPU.ActiveCfg = Debug|Any CPU
		{9A492987-9746-44F9-B03E-6D5489EA860B}.Debug|Any CPU.Build.0 = Debug|Any CPU
		{9A492987-9746-44F9-B03E-6D5489EA860B}.Release|Any CPU.ActiveCfg = Release|Any CPU
		{9A492987-9746-44F9-B03E-6D5489EA860B}.Release|Any CPU.Build.0 = Release|Any CPU
	EndGlobalSection
	GlobalSection(SolutionProperties) = preSolution
		HideSolutionNode = FALSE
	EndGlobalSection
EndGlobal
